
Microsoft Visual Studio Solution File, Format Version 12.00
# Visual Studio Version 16
VisualStudioVersion = 16.0.30907.101
MinimumVisualStudioVersion = 10.0.40219.1
Project("{FAE04EC0-301F-11D3-BF4B-00C04F79EFBC}") = "Kart", "Kart\Kart.csproj", "{04A6269F-6234-45D4-B6FC-29A40E85EB2F}"
EndProject
Global
	GlobalSection(SolutionConfigurationPlatforms) = preSolution
		Debug|Any CPU = Debug|Any CPU
		Release|Any CPU = Release|Any CPU
	EndGlobalSection
	GlobalSection(ProjectConfigurationPlatforms) = postSolution
		{04A6269F-6234-45D4-B6FC-29A40E85EB2F}.Debug|Any CPU.ActiveCfg = Debug|Any CPU
		{04A6269F-6234-45D4-B6FC-29A40E85EB2F}.Debug|Any CPU.Build.0 = Debug|Any CPU
		{04A6269F-6234-45D4-B6FC-29A40E85EB2F}.Release|Any CPU.ActiveCfg = Release|Any CPU
		{04A6269F-6234-45D4-B6FC-29A40E85EB2F}.Release|Any CPU.Build.0 = Release|Any CPU
	EndGlobalSection
	GlobalSection(SolutionProperties) = preSolution
		HideSolutionNode = FALSE
	EndGlobalSection
	GlobalSection(ExtensibilityGlobals) = postSolution
		SolutionGuid = {1902A68A-4211-415B-950B-7B680B8A8827}
	EndGlobalSection
EndGlobal
